{
	"name": "@pinglue/utils",
	"version": "0.0.0",
	"lockfileVersion": 2,
	"requires": true,
	"packages": {
		"": {
			"name": "@pinglue/utils",
			"version": "0.0.0",
			"dependencies": {
				"esmock": "^1.7.4",
				"memfs": "^3.4.1",
				"quibble": "^0.6.8"
			}
		},
		"node_modules/esmock": {
			"version": "1.7.4",
			"resolved": "https://registry.npmjs.org/esmock/-/esmock-1.7.4.tgz",
			"integrity": "sha512-svdcSxV5uTMBJGOugESRITlZwthsDASS7vJ37knHFhMQomxjqUTIAR+MUXqrRhMp7sJ472yRPZeTDLle3kVfcw==",
			"dependencies": {
				"resolvewithplus": "^0.8.0"
			}
		},
		"node_modules/esmock/node_modules/resolvewithplus": {
			"version": "0.8.0",
			"resolved": "https://registry.npmjs.org/resolvewithplus/-/resolvewithplus-0.8.0.tgz",
			"integrity": "sha512-k2ZTNmYyHjSVMswoitU9I5C0It/Jgs/4+oVSz2Tg9zgW4oURz3FSeHjAAbSau8W+njdBwfWVjFxl45B9cprWTw=="
		},
		"node_modules/memfs": {
			"version": "3.4.1",
			"resolved": "https://registry.npmjs.org/memfs/-/memfs-3.4.1.tgz",
			"integrity": "sha512-1c9VPVvW5P7I85c35zAdEr1TD5+F11IToIHIlrVIcflfnzPkJa0ZoYEoEdYDP8KgPFoSZ/opDrUsAoZWym3mtw==",
			"dependencies": {
				"fs-monkey": "1.0.3"
			},
			"engines": {
				"node": ">= 4.0.0"
			}
		},
		"node_modules/memfs/node_modules/fs-monkey": {
			"version": "1.0.3",
			"resolved": "https://registry.npmjs.org/fs-monkey/-/fs-monkey-1.0.3.tgz",
			"integrity": "sha512-cybjIfiiE+pTWicSCLFHSrXZ6EilF30oh91FDP9S2B051prEa7QWfrVTQm10/dDpswBDXZugPa1Ogu8Yh+HV0Q=="
		},
		"node_modules/quibble": {
			"version": "0.6.8",
			"resolved": "https://registry.npmjs.org/quibble/-/quibble-0.6.8.tgz",
			"integrity": "sha512-HQ89ZADQ4uZjyePn1yACZADE3OUQ16Py5gkVxcoPvV6IRiItAgGMBkeQ5f1rOnnnsVKccMdhic0xABd7+cY/jA==",
			"dependencies": {
				"lodash": "^4.17.21",
				"resolve": "^1.20.0"
			},
			"engines": {
				"iojs": ">= 1.0.0",
				"node": ">= 0.12.0"
			}
		},
		"node_modules/quibble/node_modules/function-bind": {
			"version": "1.1.1",
			"resolved": "https://registry.npmjs.org/function-bind/-/function-bind-1.1.1.tgz",
			"integrity": "sha512-yIovAzMX49sF8Yl58fSCWJ5svSLuaibPxXQJFLmBObTuCr0Mf1KiPopGM9NiFjiYBCbfaa2Fh6breQ6ANVTI0A=="
		},
		"node_modules/quibble/node_modules/has": {
			"version": "1.0.3",
			"resolved": "https://registry.npmjs.org/has/-/has-1.0.3.tgz",
			"integrity": "sha512-f2dvO0VU6Oej7RkWJGrehjbzMAjFp5/VKPp5tTpWIV4JHHZK1/BxbFRtf/siA2SWTe09caDmVtYYzWEIbBS4zw==",
			"dependencies": {
				"function-bind": "^1.1.1"
			},
			"engines": {
				"node": ">= 0.4.0"
			}
		},
		"node_modules/quibble/node_modules/is-core-module": {
			"version": "2.8.1",
			"resolved": "https://registry.npmjs.org/is-core-module/-/is-core-module-2.8.1.tgz",
			"integrity": "sha512-SdNCUs284hr40hFTFP6l0IfZ/RSrMXF3qgoRHd3/79unUTvrFO/JoXwkGm+5J/Oe3E/b5GsnG330uUNgRpu1PA==",
			"dependencies": {
				"has": "^1.0.3"
			},
			"funding": {
				"url": "https://github.com/sponsors/ljharb"
			}
		},
		"node_modules/quibble/node_modules/lodash": {
			"version": "4.17.21",
			"resolved": "https://registry.npmjs.org/lodash/-/lodash-4.17.21.tgz",
			"integrity": "sha512-v2kDEe57lecTulaDIuNTPy3Ry4gLGJ6Z1O3vE1krgXZNrsQ+LFTGHVxVjcXPs17LhbZVGedAJv8XZ1tvj5FvSg=="
		},
		"node_modules/quibble/node_modules/path-parse": {
			"version": "1.0.7",
			"resolved": "https://registry.npmjs.org/path-parse/-/path-parse-1.0.7.tgz",
			"integrity": "sha512-LDJzPVEEEPR+y48z93A0Ed0yXb8pAByGWo/k5YYdYgpY2/2EsOsksJrq7lOHxryrVOn1ejG6oAp8ahvOIQD8sw=="
		},
		"node_modules/quibble/node_modules/resolve": {
			"version": "1.22.0",
			"resolved": "https://registry.npmjs.org/resolve/-/resolve-1.22.0.tgz",
			"integrity": "sha512-Hhtrw0nLeSrFQ7phPp4OOcVjLPIeMnRlr5mcnVuMe7M/7eBn98A3hmFRLoFo3DLZkivSYwhRUJTyPyWAk56WLw==",
			"dependencies": {
				"is-core-module": "^2.8.1",
				"path-parse": "^1.0.7",
				"supports-preserve-symlinks-flag": "^1.0.0"
			},
			"bin": {
				"resolve": "bin/resolve"
			},
			"funding": {
				"url": "https://github.com/sponsors/ljharb"
			}
		},
		"node_modules/quibble/node_modules/supports-preserve-symlinks-flag": {
			"version": "1.0.0",
			"resolved": "https://registry.npmjs.org/supports-preserve-symlinks-flag/-/supports-preserve-symlinks-flag-1.0.0.tgz",
			"integrity": "sha512-ot0WnXS9fgdkgIcePe6RHNk1WA8+muPa6cSjeR3V8K27q9BB1rTE3R1p7Hv0z1ZyAc8s6Vvv8DIyWf681MAt0w==",
			"engines": {
				"node": ">= 0.4"
			},
			"funding": {
				"url": "https://github.com/sponsors/ljharb"
			}
		}
	},
	"dependencies": {
		"esmock": {
			"version": "1.7.4",
			"resolved": "https://registry.npmjs.org/esmock/-/esmock-1.7.4.tgz",
			"integrity": "sha512-svdcSxV5uTMBJGOugESRITlZwthsDASS7vJ37knHFhMQomxjqUTIAR+MUXqrRhMp7sJ472yRPZeTDLle3kVfcw==",
			"requires": {
				"resolvewithplus": "^0.8.0"
			},
			"dependencies": {
				"resolvewithplus": {
					"version": "0.8.0",
					"resolved": "https://registry.npmjs.org/resolvewithplus/-/resolvewithplus-0.8.0.tgz",
					"integrity": "sha512-k2ZTNmYyHjSVMswoitU9I5C0It/Jgs/4+oVSz2Tg9zgW4oURz3FSeHjAAbSau8W+njdBwfWVjFxl45B9cprWTw=="
				}
			}
		},
		"memfs": {
			"version": "3.4.1",
			"resolved": "https://registry.npmjs.org/memfs/-/memfs-3.4.1.tgz",
			"integrity": "sha512-1c9VPVvW5P7I85c35zAdEr1TD5+F11IToIHIlrVIcflfnzPkJa0ZoYEoEdYDP8KgPFoSZ/opDrUsAoZWym3mtw==",
			"requires": {
				"fs-monkey": "1.0.3"
			},
			"dependencies": {
				"fs-monkey": {
					"version": "1.0.3",
					"resolved": "https://registry.npmjs.org/fs-monkey/-/fs-monkey-1.0.3.tgz",
					"integrity": "sha512-cybjIfiiE+pTWicSCLFHSrXZ6EilF30oh91FDP9S2B051prEa7QWfrVTQm10/dDpswBDXZugPa1Ogu8Yh+HV0Q=="
				}
			}
		},
		"quibble": {
			"version": "0.6.8",
			"resolved": "https://registry.npmjs.org/quibble/-/quibble-0.6.8.tgz",
			"integrity": "sha512-HQ89ZADQ4uZjyePn1yACZADE3OUQ16Py5gkVxcoPvV6IRiItAgGMBkeQ5f1rOnnnsVKccMdhic0xABd7+cY/jA==",
			"requires": {
				"lodash": "^4.17.21",
				"resolve": "^1.20.0"
			},
			"dependencies": {
				"function-bind": {
					"version": "1.1.1",
					"resolved": "https://registry.npmjs.org/function-bind/-/function-bind-1.1.1.tgz",
					"integrity": "sha512-yIovAzMX49sF8Yl58fSCWJ5svSLuaibPxXQJFLmBObTuCr0Mf1KiPopGM9NiFjiYBCbfaa2Fh6breQ6ANVTI0A=="
				},
				"has": {
					"version": "1.0.3",
					"resolved": "https://registry.npmjs.org/has/-/has-1.0.3.tgz",
					"integrity": "sha512-f2dvO0VU6Oej7RkWJGrehjbzMAjFp5/VKPp5tTpWIV4JHHZK1/BxbFRtf/siA2SWTe09caDmVtYYzWEIbBS4zw==",
					"requires": {
						"function-bind": "^1.1.1"
					}
				},
				"is-core-module": {
					"version": "2.8.1",
					"resolved": "https://registry.npmjs.org/is-core-module/-/is-core-module-2.8.1.tgz",
					"integrity": "sha512-SdNCUs284hr40hFTFP6l0IfZ/RSrMXF3qgoRHd3/79unUTvrFO/JoXwkGm+5J/Oe3E/b5GsnG330uUNgRpu1PA==",
					"requires": {
						"has": "^1.0.3"
					}
				},
				"lodash": {
					"version": "4.17.21",
					"resolved": "https://registry.npmjs.org/lodash/-/lodash-4.17.21.tgz",
					"integrity": "sha512-v2kDEe57lecTulaDIuNTPy3Ry4gLGJ6Z1O3vE1krgXZNrsQ+LFTGHVxVjcXPs17LhbZVGedAJv8XZ1tvj5FvSg=="
				},
				"path-parse": {
					"version": "1.0.7",
					"resolved": "https://registry.npmjs.org/path-parse/-/path-parse-1.0.7.tgz",
					"integrity": "sha512-LDJzPVEEEPR+y48z93A0Ed0yXb8pAByGWo/k5YYdYgpY2/2EsOsksJrq7lOHxryrVOn1ejG6oAp8ahvOIQD8sw=="
				},
				"resolve": {
					"version": "1.22.0",
					"resolved": "https://registry.npmjs.org/resolve/-/resolve-1.22.0.tgz",
					"integrity": "sha512-Hhtrw0nLeSrFQ7phPp4OOcVjLPIeMnRlr5mcnVuMe7M/7eBn98A3hmFRLoFo3DLZkivSYwhRUJTyPyWAk56WLw==",
					"requires": {
						"is-core-module": "^2.8.1",
						"path-parse": "^1.0.7",
						"supports-preserve-symlinks-flag": "^1.0.0"
					}
				},
				"supports-preserve-symlinks-flag": {
					"version": "1.0.0",
					"resolved": "https://registry.npmjs.org/supports-preserve-symlinks-flag/-/supports-preserve-symlinks-flag-1.0.0.tgz",
					"integrity": "sha512-ot0WnXS9fgdkgIcePe6RHNk1WA8+muPa6cSjeR3V8K27q9BB1rTE3R1p7Hv0z1ZyAc8s6Vvv8DIyWf681MAt0w=="
				}
			}
		}
	}
}
